
Microsoft Visual Studio Solution File, Format Version 12.00
# Visual Studio 15
Project("{FAE04EC0-301F-11D3-BF4B-00C04F79EFBC}") = "SwiftFrameworkProxy.Binfing", "SwiftFrameworkProxy.Binfing\SwiftFrameworkProxy.Binfing.csproj", "{470E7B69-3D64-4C5B-B57F-3983E67FE5B9}"
EndProject
Project("{FAE04EC0-301F-11D3-BF4B-00C04F79EFBC}") = "Xamarin.SingleView", "Xamarin.SingleView\Xamarin.SingleView.csproj", "{919E3C71-73C7-4797-BFB9-1C2339699768}"
EndProject
Global
	GlobalSection(SolutionConfigurationPlatforms) = preSolution
		Debug|Any CPU = Debug|Any CPU
		Release|Any CPU = Release|Any CPU
		Debug|iPhoneSimulator = Debug|iPhoneSimulator
		Release|iPhoneSimulator = Release|iPhoneSimulator
		Debug|iPhone = Debug|iPhone
		Release|iPhone = Release|iPhone
	EndGlobalSection
	GlobalSection(ProjectConfigurationPlatforms) = postSolution
		{470E7B69-3D64-4C5B-B57F-3983E67FE5B9}.Debug|Any CPU.ActiveCfg = Debug|Any CPU
		{470E7B69-3D64-4C5B-B57F-3983E67FE5B9}.Debug|Any CPU.Build.0 = Debug|Any CPU
		{470E7B69-3D64-4C5B-B57F-3983E67FE5B9}.Release|Any CPU.ActiveCfg = Release|Any CPU
		{470E7B69-3D64-4C5B-B57F-3983E67FE5B9}.Release|Any CPU.Build.0 = Release|Any CPU
		{470E7B69-3D64-4C5B-B57F-3983E67FE5B9}.Debug|iPhoneSimulator.ActiveCfg = Debug|Any CPU
		{470E7B69-3D64-4C5B-B57F-3983E67FE5B9}.Debug|iPhoneSimulator.Build.0 = Debug|Any CPU
		{470E7B69-3D64-4C5B-B57F-3983E67FE5B9}.Release|iPhoneSimulator.ActiveCfg = Release|Any CPU
		{470E7B69-3D64-4C5B-B57F-3983E67FE5B9}.Release|iPhoneSimulator.Build.0 = Release|Any CPU
		{470E7B69-3D64-4C5B-B57F-3983E67FE5B9}.Debug|iPhone.ActiveCfg = Debug|Any CPU
		{470E7B69-3D64-4C5B-B57F-3983E67FE5B9}.Debug|iPhone.Build.0 = Debug|Any CPU
		{470E7B69-3D64-4C5B-B57F-3983E67FE5B9}.Release|iPhone.ActiveCfg = Release|Any CPU
		{470E7B69-3D64-4C5B-B57F-3983E67FE5B9}.Release|iPhone.Build.0 = Release|Any CPU
		{919E3C71-73C7-4797-BFB9-1C2339699768}.Debug|Any CPU.ActiveCfg = Debug|iPhoneSimulator
		{919E3C71-73C7-4797-BFB9-1C2339699768}.Debug|Any CPU.Build.0 = Debug|iPhoneSimulator
		{919E3C71-73C7-4797-BFB9-1C2339699768}.Release|Any CPU.ActiveCfg = Release|iPhoneSimulator
		{919E3C71-73C7-4797-BFB9-1C2339699768}.Release|Any CPU.Build.0 = Release|iPhoneSimulator
		{919E3C71-73C7-4797-BFB9-1C2339699768}.Debug|iPhoneSimulator.ActiveCfg = Debug|iPhoneSimulator
		{919E3C71-73C7-4797-BFB9-1C2339699768}.Debug|iPhoneSimulator.Build.0 = Debug|iPhoneSimulator
		{919E3C71-73C7-4797-BFB9-1C2339699768}.Release|iPhoneSimulator.ActiveCfg = Release|iPhoneSimulator
		{919E3C71-73C7-4797-BFB9-1C2339699768}.Release|iPhoneSimulator.Build.0 = Release|iPhoneSimulator
		{919E3C71-73C7-4797-BFB9-1C2339699768}.Debug|iPhone.ActiveCfg = Debug|iPhone
		{919E3C71-73C7-4797-BFB9-1C2339699768}.Debug|iPhone.Build.0 = Debug|iPhone
		{919E3C71-73C7-4797-BFB9-1C2339699768}.Release|iPhone.ActiveCfg = Release|iPhone
		{919E3C71-73C7-4797-BFB9-1C2339699768}.Release|iPhone.Build.0 = Release|iPhone
	EndGlobalSection
EndGlobal
